// !$*UTF8*$!
{
	archiveVersion = 1;
	classes = {
	};
	objectVersion = 55;
	objects = {

/* Begin PBXBuildFile section */
		59362A7E2717149A001CC7FC /* Detail.swift in Sources */ = {isa = PBXBuildFile; fileRef = 59362A7D27171499001CC7FC /* Detail.swift */; };
		59362A8027171632001CC7FC /* DetailViewModel.swift in Sources */ = {isa = PBXBuildFile; fileRef = 59362A7F27171632001CC7FC /* DetailViewModel.swift */; };
		59362A8227172057001CC7FC /* DetailUIView.swift in Sources */ = {isa = PBXBuildFile; fileRef = 59362A8127172057001CC7FC /* DetailUIView.swift */; };
		593883C42711B498004AD77E /* FilmDetailsAppApp.swift in Sources */ = {isa = PBXBuildFile; fileRef = 593883C32711B498004AD77E /* FilmDetailsAppApp.swift */; };
		593883C82711B49A004AD77E /* Assets.xcassets in Resources */ = {isa = PBXBuildFile; fileRef = 593883C72711B49A004AD77E /* Assets.xcassets */; };
		593883CB2711B49A004AD77E /* Preview Assets.xcassets in Resources */ = {isa = PBXBuildFile; fileRef = 593883CA2711B49A004AD77E /* Preview Assets.xcassets */; };
		593883D62711B4CF004AD77E /* Film.swift in Sources */ = {isa = PBXBuildFile; fileRef = 593883D52711B4CF004AD77E /* Film.swift */; };
		593883D92711BAB1004AD77E /* Downloader.swift in Sources */ = {isa = PBXBuildFile; fileRef = 593883D82711BAB1004AD77E /* Downloader.swift */; };
		593883DB2711C79F004AD77E /* FilmListViewModel.swift in Sources */ = {isa = PBXBuildFile; fileRef = 593883DA2711C79F004AD77E /* FilmListViewModel.swift */; };
		593883DD2711D984004AD77E /* ListUIView.swift in Sources */ = {isa = PBXBuildFile; fileRef = 593883DC2711D984004AD77E /* ListUIView.swift */; };
		593883DF2711DF51004AD77E /* ImageDownloader.swift in Sources */ = {isa = PBXBuildFile; fileRef = 593883DE2711DF51004AD77E /* ImageDownloader.swift */; };
		593883E12711E18F004AD77E /* ImageUIView.swift in Sources */ = {isa = PBXBuildFile; fileRef = 593883E02711E18F004AD77E /* ImageUIView.swift */; };
/* End PBXBuildFile section */

/* Begin PBXFileReference section */
		59362A7D27171499001CC7FC /* Detail.swift */ = {isa = PBXFileReference; lastKnownFileType = sourcecode.swift; path = Detail.swift; sourceTree = "<group>"; };
		59362A7F27171632001CC7FC /* DetailViewModel.swift */ = {isa = PBXFileReference; lastKnownFileType = sourcecode.swift; path = DetailViewModel.swift; sourceTree = "<group>"; };
		59362A8127172057001CC7FC /* DetailUIView.swift */ = {isa = PBXFileReference; lastKnownFileType = sourcecode.swift; path = DetailUIView.swift; sourceTree = "<group>"; };
		593883C02711B498004AD77E /* FilmDetailsApp.app */ = {isa = PBXFileReference; explicitFileType = wrapper.application; includeInIndex = 0; path = FilmDetailsApp.app; sourceTree = BUILT_PRODUCTS_DIR; };
		593883C32711B498004AD77E /* FilmDetailsAppApp.swift */ = {isa = PBXFileReference; lastKnownFileType = sourcecode.swift; path = FilmDetailsAppApp.swift; sourceTree = "<group>"; };
		593883C72711B49A004AD77E /* Assets.xcassets */ = {isa = PBXFileReference; lastKnownFileType = folder.assetcatalog; path = Assets.xcassets; sourceTree = "<group>"; };
		593883CA2711B49A004AD77E /* Preview Assets.xcassets */ = {isa = PBXFileReference; lastKnownFileType = folder.assetcatalog; path = "Preview Assets.xcassets"; sourceTree = "<group>"; };
		593883D52711B4CF004AD77E /* Film.swift */ = {isa = PBXFileReference; lastKnownFileType = sourcecode.swift; path = Film.swift; sourceTree = "<group>"; };
		593883D82711BAB1004AD77E /* Downloader.swift */ = {isa = PBXFileReference; lastKnownFileType = sourcecode.swift; path = Downloader.swift; sourceTree = "<group>"; };
		593883DA2711C79F004AD77E /* FilmListViewModel.swift */ = {isa = PBXFileReference; lastKnownFileType = sourcecode.swift; path = FilmListViewModel.swift; sourceTree = "<group>"; };
		593883DC2711D984004AD77E /* ListUIView.swift */ = {isa = PBXFileReference; lastKnownFileType = sourcecode.swift; path = ListUIView.swift; sourceTree = "<group>"; };
		593883DE2711DF51004AD77E /* ImageDownloader.swift */ = {isa = PBXFileReference; lastKnownFileType = sourcecode.swift; path = ImageDownloader.swift; sourceTree = "<group>"; };
		593883E02711E18F004AD77E /* ImageUIView.swift */ = {isa = PBXFileReference; lastKnownFileType = sourcecode.swift; path = ImageUIView.swift; sourceTree = "<group>"; };
/* End PBXFileReference section */

/* Begin PBXFrameworksBuildPhase section */
		593883BD2711B498004AD77E /* Frameworks */ = {
			isa = PBXFrameworksBuildPhase;
			buildActionMask = 2147483647;
			files = (
			);
			runOnlyForDeploymentPostprocessing = 0;
		};
/* End PBXFrameworksBuildPhase section */

/* Begin PBXGroup section */
		593883B72711B498004AD77E = {
			isa = PBXGroup;
			children = (
				593883C22711B498004AD77E /* FilmDetailsApp */,
				593883C12711B498004AD77E /* Products */,
			);
			sourceTree = "<group>";
		};
		593883C12711B498004AD77E /* Products */ = {
			isa = PBXGroup;
			children = (
				593883C02711B498004AD77E /* FilmDetailsApp.app */,
			);
			name = Products;
			sourceTree = "<group>";
		};
		593883C22711B498004AD77E /* FilmDetailsApp */ = {
			isa = PBXGroup;
			children = (
				593883D72711BAA6004AD77E /* Service */,
				593883D42711B4BB004AD77E /* ViewModel */,
				593883D32711B4B5004AD77E /* Model */,
				593883D22711B4AD004AD77E /* View */,
				593883D12711B4A4004AD77E /* App */,
				593883C72711B49A004AD77E /* Assets.xcassets */,
				593883C92711B49A004AD77E /* Preview Content */,
			);
			path = FilmDetailsApp;
			sourceTree = "<group>";
		};
		593883C92711B49A004AD77E /* Preview Content */ = {
			isa = PBXGroup;
			children = (
				593883CA2711B49A004AD77E /* Preview Assets.xcassets */,
			);
			path = "Preview Content";
			sourceTree = "<group>";
		};
		593883D12711B4A4004AD77E /* App */ = {
			isa = PBXGroup;
			children = (
				593883C32711B498004AD77E /* FilmDetailsAppApp.swift */,
			);
			path = App;
			sourceTree = "<group>";
		};
		593883D22711B4AD004AD77E /* View */ = {
			isa = PBXGroup;
			children = (
				593883DC2711D984004AD77E /* ListUIView.swift */,
				593883E02711E18F004AD77E /* ImageUIView.swift */,
				59362A8127172057001CC7FC /* DetailUIView.swift */,
			);
			path = View;
			sourceTree = "<group>";
		};
		593883D32711B4B5004AD77E /* Model */ = {
			isa = PBXGroup;
			children = (
				593883D52711B4CF004AD77E /* Film.swift */,
				59362A7D27171499001CC7FC /* Detail.swift */,
			);
			path = Model;
			sourceTree = "<group>";
		};
		593883D42711B4BB004AD77E /* ViewModel */ = {
			isa = PBXGroup;
			children = (
				593883DA2711C79F004AD77E /* FilmListViewModel.swift */,
				59362A7F27171632001CC7FC /* DetailViewModel.swift */,
			);
			path = ViewModel;
			sourceTree = "<group>";
		};
		593883D72711BAA6004AD77E /* Service */ = {
			isa = PBXGroup;
			children = (
				593883D82711BAB1004AD77E /* Downloader.swift */,
				593883DE2711DF51004AD77E /* ImageDownloader.swift */,
			);
			path = Service;
			sourceTree = "<group>";
		};
/* End PBXGroup section */

/* Begin PBXNativeTarget section */
		593883BF2711B498004AD77E /* FilmDetailsApp */ = {
			isa = PBXNativeTarget;
			buildConfigurationList = 593883CE2711B49A004AD77E /* Build configuration list for PBXNativeTarget "FilmDetailsApp" */;
			buildPhases = (
				593883BC2711B498004AD77E /* Sources */,
				593883BD2711B498004AD77E /* Frameworks */,
				593883BE2711B498004AD77E /* Resources */,
			);
			buildRules = (
			);
			dependencies = (
			);
			name = FilmDetailsApp;
			productName = FilmDetailsApp;
			productReference = 593883C02711B498004AD77E /* FilmDetailsApp.app */;
			productType = "com.apple.product-type.application";
		};
/* End PBXNativeTarget section */

/* Begin PBXProject section */
		593883B82711B498004AD77E /* Project object */ = {
			isa = PBXProject;
			attributes = {
				BuildIndependentTargetsInParallel = 1;
				LastSwiftUpdateCheck = 1300;
				LastUpgradeCheck = 1300;
				TargetAttributes = {
					593883BF2711B498004AD77E = {
						CreatedOnToolsVersion = 13.0;
					};
				};
			};
			buildConfigurationList = 593883BB2711B498004AD77E /* Build configuration list for PBXProject "FilmDetailsApp" */;
			compatibilityVersion = "Xcode 13.0";
			developmentRegion = en;
			hasScannedForEncodings = 0;
			knownRegions = (
				en,
				Base,
			);
			mainGroup = 593883B72711B498004AD77E;
			productRefGroup = 593883C12711B498004AD77E /* Products */;
			projectDirPath = "";
			projectRoot = "";
			targets = (
				593883BF2711B498004AD77E /* FilmDetailsApp */,
			);
		};
/* End PBXProject section */

/* Begin PBXResourcesBuildPhase section */
		593883BE2711B498004AD77E /* Resources */ = {
			isa = PBXResourcesBuildPhase;
			buildActionMask = 2147483647;
			files = (
				593883CB2711B49A004AD77E /* Preview Assets.xcassets in Resources */,
				593883C82711B49A004AD77E /* Assets.xcassets in Resources */,
			);
			runOnlyForDeploymentPostprocessing = 0;
		};
/* End PBXResourcesBuildPhase section */

/* Begin PBXSourcesBuildPhase section */
		593883BC2711B498004AD77E /* Sources */ = {
			isa = PBXSourcesBuildPhase;
			buildActionMask = 2147483647;
			files = (
				593883D62711B4CF004AD77E /* Film.swift in Sources */,
				59362A8227172057001CC7FC /* DetailUIView.swift in Sources */,
				593883D92711BAB1004AD77E /* Downloader.swift in Sources */,
				59362A7E2717149A001CC7FC /* Detail.swift in Sources */,
				593883C42711B498004AD77E /* FilmDetailsAppApp.swift in Sources */,
				59362A8027171632001CC7FC /* DetailViewModel.swift in Sources */,
				593883DD2711D984004AD77E /* ListUIView.swift in Sources */,
				593883E12711E18F004AD77E /* ImageUIView.swift in Sources */,
				593883DF2711DF51004AD77E /* ImageDownloader.swift in Sources */,
				593883DB2711C79F004AD77E /* FilmListViewModel.swift in Sources */,
			);
			runOnlyForDeploymentPostprocessing = 0;
		};
/* End PBXSourcesBuildPhase section */

/* Begin XCBuildConfiguration section */
		593883CC2711B49A004AD77E /* Debug */ = {
			isa = XCBuildConfiguration;
			buildSettings = {
				ALWAYS_SEARCH_USER_PATHS = NO;
				CLANG_ANALYZER_NONNULL = YES;
				CLANG_ANALYZER_NUMBER_OBJECT_CONVERSION = YES_AGGRESSIVE;
				CLANG_CXX_LANGUAGE_STANDARD = "gnu++17";
				CLANG_CXX_LIBRARY = "libc++";
				CLANG_ENABLE_MODULES = YES;
				CLANG_ENABLE_OBJC_ARC = YES;
				CLANG_ENABLE_OBJC_WEAK = YES;
				CLANG_WARN_BLOCK_CAPTURE_AUTORELEASING = YES;
				CLANG_WARN_BOOL_CONVERSION = YES;
				CLANG_WARN_COMMA = YES;
				CLANG_WARN_CONSTANT_CONVERSION = YES;
				CLANG_WARN_DEPRECATED_OBJC_IMPLEMENTATIONS = YES;
				CLANG_WARN_DIRECT_OBJC_ISA_USAGE = YES_ERROR;
				CLANG_WARN_DOCUMENTATION_COMMENTS = YES;
				CLANG_WARN_EMPTY_BODY = YES;
				CLANG_WARN_ENUM_CONVERSION = YES;
				CLANG_WARN_INFINITE_RECURSION = YES;
				CLANG_WARN_INT_CONVERSION = YES;
				CLANG_WARN_NON_LITERAL_NULL_CONVERSION = YES;
				CLANG_WARN_OBJC_IMPLICIT_RETAIN_SELF = YES;
				CLANG_WARN_OBJC_LITERAL_CONVERSION = YES;
				CLANG_WARN_OBJC_ROOT_CLASS = YES_ERROR;
				CLANG_WARN_QUOTED_INCLUDE_IN_FRAMEWORK_HEADER = YES;
				CLANG_WARN_RANGE_LOOP_ANALYSIS = YES;
				CLANG_WARN_STRICT_PROTOTYPES = YES;
				CLANG_WARN_SUSPICIOUS_MOVE = YES;
				CLANG_WARN_UNGUARDED_AVAILABILITY = YES_AGGRESSIVE;
				CLANG_WARN_UNREACHABLE_CODE = YES;
				CLANG_WARN__DUPLICATE_METHOD_MATCH = YES;
				COPY_PHASE_STRIP = NO;
				DEBUG_INFORMATION_FORMAT = dwarf;
				ENABLE_STRICT_OBJC_MSGSEND = YES;
				ENABLE_TESTABILITY = YES;
				GCC_C_LANGUAGE_STANDARD = gnu11;
				GCC_DYNAMIC_NO_PIC = NO;
				GCC_NO_COMMON_BLOCKS = YES;
				GCC_OPTIMIZATION_LEVEL = 0;
				GCC_PREPROCESSOR_DEFINITIONS = (
					"DEBUG=1",
					"$(inherited)",
				);
				GCC_WARN_64_TO_32_BIT_CONVERSION = YES;
				GCC_WARN_ABOUT_RETURN_TYPE = YES_ERROR;
				GCC_WARN_UNDECLARED_SELECTOR = YES;
				GCC_WARN_UNINITIALIZED_AUTOS = YES_AGGRESSIVE;
				GCC_WARN_UNUSED_FUNCTION = YES;
				GCC_WARN_UNUSED_VARIABLE = YES;
				IPHONEOS_DEPLOYMENT_TARGET = 15.0;
				MTL_ENABLE_DEBUG_INFO = INCLUDE_SOURCE;
				MTL_FAST_MATH = YES;
				ONLY_ACTIVE_ARCH = YES;
				SDKROOT = iphoneos;
				SWIFT_ACTIVE_COMPILATION_CONDITIONS = DEBUG;
				SWIFT_OPTIMIZATION_LEVEL = "-Onone";
			};
			name = Debug;
		};
		593883CD2711B49A004AD77E /* Release */ = {
			isa = XCBuildConfiguration;
			buildSettings = {
				ALWAYS_SEARCH_USER_PATHS = NO;
				CLANG_ANALYZER_NONNULL = YES;
				CLANG_ANALYZER_NUMBER_OBJECT_CONVERSION = YES_AGGRESSIVE;
				CLANG_CXX_LANGUAGE_STANDARD = "gnu++17";
				CLANG_CXX_LIBRARY = "libc++";
				CLANG_ENABLE_MODULES = YES;
				CLANG_ENABLE_OBJC_ARC = YES;
				CLANG_ENABLE_OBJC_WEAK = YES;
				CLANG_WARN_BLOCK_CAPTURE_AUTORELEASING = YES;
				CLANG_WARN_BOOL_CONVERSION = YES;
				CLANG_WARN_COMMA = YES;
				CLANG_WARN_CONSTANT_CONVERSION = YES;
				CLANG_WARN_DEPRECATED_OBJC_IMPLEMENTATIONS = YES;
				CLANG_WARN_DIRECT_OBJC_ISA_USAGE = YES_ERROR;
				CLANG_WARN_DOCUMENTATION_COMMENTS = YES;
				CLANG_WARN_EMPTY_BODY = YES;
				CLANG_WARN_ENUM_CONVERSION = YES;
				CLANG_WARN_INFINITE_RECURSION = YES;
				CLANG_WARN_INT_CONVERSION = YES;
				CLANG_WARN_NON_LITERAL_NULL_CONVERSION = YES;
				CLANG_WARN_OBJC_IMPLICIT_RETAIN_SELF = YES;
				CLANG_WARN_OBJC_LITERAL_CONVERSION = YES;
				CLANG_WARN_OBJC_ROOT_CLASS = YES_ERROR;
				CLANG_WARN_QUOTED_INCLUDE_IN_FRAMEWORK_HEADER = YES;
				CLANG_WARN_RANGE_LOOP_ANALYSIS = YES;
				CLANG_WARN_STRICT_PROTOTYPES = YES;
				CLANG_WARN_SUSPICIOUS_MOVE = YES;
				CLANG_WARN_UNGUARDED_AVAILABILITY = YES_AGGRESSIVE;
				CLANG_WARN_UNREACHABLE_CODE = YES;
				CLANG_WARN__DUPLICATE_METHOD_MATCH = YES;
				COPY_PHASE_STRIP = NO;
				DEBUG_INFORMATION_FORMAT = "dwarf-with-dsym";
				ENABLE_NS_ASSERTIONS = NO;
				ENABLE_STRICT_OBJC_MSGSEND = YES;
				GCC_C_LANGUAGE_STANDARD = gnu11;
				GCC_NO_COMMON_BLOCKS = YES;
				GCC_WARN_64_TO_32_BIT_CONVERSION = YES;
				GCC_WARN_ABOUT_RETURN_TYPE = YES_ERROR;
				GCC_WARN_UNDECLARED_SELECTOR = YES;
				GCC_WARN_UNINITIALIZED_AUTOS = YES_AGGRESSIVE;
				GCC_WARN_UNUSED_FUNCTION = YES;
				GCC_WARN_UNUSED_VARIABLE = YES;
				IPHONEOS_DEPLOYMENT_TARGET = 15.0;
				MTL_ENABLE_DEBUG_INFO = NO;
				MTL_FAST_MATH = YES;
				SDKROOT = iphoneos;
				SWIFT_COMPILATION_MODE = wholemodule;
				SWIFT_OPTIMIZATION_LEVEL = "-O";
				VALIDATE_PRODUCT = YES;
			};
			name = Release;
		};
		593883CF2711B49A004AD77E /* Debug */ = {
			isa = XCBuildConfiguration;
			buildSettings = {
				ASSETCATALOG_COMPILER_APPICON_NAME = AppIcon;
				ASSETCATALOG_COMPILER_GLOBAL_ACCENT_COLOR_NAME = AccentColor;
				CODE_SIGN_STYLE = Automatic;
				CURRENT_PROJECT_VERSION = 1;
				DEVELOPMENT_ASSET_PATHS = "\"FilmDetailsApp/Preview Content\"";
				DEVELOPMENT_TEAM = NWVGLJCR5H;
				ENABLE_PREVIEWS = YES;
				GENERATE_INFOPLIST_FILE = YES;
				INFOPLIST_KEY_UIApplicationSceneManifest_Generation = YES;
				INFOPLIST_KEY_UIApplicationSupportsIndirectInputEvents = YES;
				INFOPLIST_KEY_UILaunchScreen_Generation = YES;
				INFOPLIST_KEY_UISupportedInterfaceOrientations_iPad = "UIInterfaceOrientationPortrait UIInterfaceOrientationPortraitUpsideDown UIInterfaceOrientationLandscapeLeft UIInterfaceOrientationLandscapeRight";
				INFOPLIST_KEY_UISupportedInterfaceOrientations_iPhone = "UIInterfaceOrientationPortrait UIInterfaceOrientationLandscapeLeft UIInterfaceOrientationLandscapeRight";
				IPHONEOS_DEPLOYMENT_TARGET = 14.0;
				LD_RUNPATH_SEARCH_PATHS = (
					"$(inherited)",
					"@executable_path/Frameworks",
				);
				MARKETING_VERSION = 1.0;
				PRODUCT_BUNDLE_IDENTIFIER = com.muhammed.FilmDetailsApp;
				PRODUCT_NAME = "$(TARGET_NAME)";
				SWIFT_EMIT_LOC_STRINGS = YES;
				SWIFT_VERSION = 5.0;
				TARGETED_DEVICE_FAMILY = "1,2";
			};
			name = Debug;
		};
		593883D02711B49A004AD77E /* Release */ = {
			isa = XCBuildConfiguration;
			buildSettings = {
				ASSETCATALOG_COMPILER_APPICON_NAME = AppIcon;
				ASSETCATALOG_COMPILER_GLOBAL_ACCENT_COLOR_NAME = AccentColor;
				CODE_SIGN_STYLE = Automatic;
				CURRENT_PROJECT_VERSION = 1;
				DEVELOPMENT_ASSET_PATHS = "\"FilmDetailsApp/Preview Content\"";
				DEVELOPMENT_TEAM = NWVGLJCR5H;
				ENABLE_PREVIEWS = YES;
				GENERATE_INFOPLIST_FILE = YES;
				INFOPLIST_KEY_UIApplicationSceneManifest_Generation = YES;
				INFOPLIST_KEY_UIApplicationSupportsIndirectInputEvents = YES;
				INFOPLIST_KEY_UILaunchScreen_Generation = YES;
				INFOPLIST_KEY_UISupportedInterfaceOrientations_iPad = "UIInterfaceOrientationPortrait UIInterfaceOrientationPortraitUpsideDown UIInterfaceOrientationLandscapeLeft UIInterfaceOrientationLandscapeRight";
				INFOPLIST_KEY_UISupportedInterfaceOrientations_iPhone = "UIInterfaceOrientationPortrait UIInterfaceOrientationLandscapeLeft UIInterfaceOrientationLandscapeRight";
				IPHONEOS_DEPLOYMENT_TARGET = 14.0;
				LD_RUNPATH_SEARCH_PATHS = (
					"$(inherited)",
					"@executable_path/Frameworks",
				);
				MARKETING_VERSION = 1.0;
				PRODUCT_BUNDLE_IDENTIFIER = com.muhammed.FilmDetailsApp;
				PRODUCT_NAME = "$(TARGET_NAME)";
				SWIFT_EMIT_LOC_STRINGS = YES;
				SWIFT_VERSION = 5.0;
				TARGETED_DEVICE_FAMILY = "1,2";
			};
			name = Release;
		};
/* End XCBuildConfiguration section */

/* Begin XCConfigurationList section */
		593883BB2711B498004AD77E /* Build configuration list for PBXProject "FilmDetailsApp" */ = {
			isa = XCConfigurationList;
			buildConfigurations = (
				593883CC2711B49A004AD77E /* Debug */,
				593883CD2711B49A004AD77E /* Release */,
			);
			defaultConfigurationIsVisible = 0;
			defaultConfigurationName = Release;
		};
		593883CE2711B49A004AD77E /* Build configuration list for PBXNativeTarget "FilmDetailsApp" */ = {
			isa = XCConfigurationList;
			buildConfigurations = (
				593883CF2711B49A004AD77E /* Debug */,
				593883D02711B49A004AD77E /* Release */,
			);
			defaultConfigurationIsVisible = 0;
			defaultConfigurationName = Release;
		};
/* End XCConfigurationList section */
	};
	rootObject = 593883B82711B498004AD77E /* Project object */;
}
